
Microsoft Visual Studio Solution File, Format Version 12.00
# Visual Studio Version 16
VisualStudioVersion = 16.0.30804.86
MinimumVisualStudioVersion = 10.0.40219.1
Project("{9A19103F-16F7-4668-BE54-9A1E7A4F7556}") = "KampIntro", "KampIntro\KampIntro.csproj", "{C8F7E531-75AB-4942-BD00-E4C5A48DD748}"
EndProject
Project("{9A19103F-16F7-4668-BE54-9A1E7A4F7556}") = "Döngüler", "Döngüler\Döngüler.csproj", "{74C7CD3C-6361-4FF5-ABFB-DC74B6CD2A78}"
EndProject
Project("{9A19103F-16F7-4668-BE54-9A1E7A4F7556}") = "ClassIntro", "ClassIntro\ClassIntro.csproj", "{76592DF2-FCEF-4612-8BE4-71EB59E8FF78}"
EndProject
Project("{9A19103F-16F7-4668-BE54-9A1E7A4F7556}") = "Metotlar", "Metotlar\Metotlar.csproj", "{E6B37667-6B44-48EA-8242-7C34E5549BB9}"
EndProject
Project("{9A19103F-16F7-4668-BE54-9A1E7A4F7556}") = "Matematik", "Matematik\Matematik.csproj", "{D8A7D4E7-731E-49D7-A2DD-11A8CA27485F}"
EndProject
Project("{9A19103F-16F7-4668-BE54-9A1E7A4F7556}") = "DegerVeReferansTipler", "DegerVeReferansTipler\DegerVeReferansTipler.csproj", "{F670FDB4-9206-4D2C-AEA0-D584068AC614}"
EndProject
Project("{9A19103F-16F7-4668-BE54-9A1E7A4F7556}") = "OOP1", "OOP1\OOP1.csproj", "{C94FC98D-6D6C-4613-B4AC-E70B72C15F00}"
EndProject
Project("{9A19103F-16F7-4668-BE54-9A1E7A4F7556}") = "Koleksiyonlar", "Koleksiyonlar\Koleksiyonlar.csproj", "{FD85625E-5C87-4880-A062-A56C9E52EFE8}"
EndProject
Project("{9A19103F-16F7-4668-BE54-9A1E7A4F7556}") = "GenericsIntro", "GenericsIntro\GenericsIntro.csproj", "{81FBFBDC-4C8C-427E-9EDA-3823A4BC6DDF}"
EndProject
Project("{9A19103F-16F7-4668-BE54-9A1E7A4F7556}") = "OOP2", "OOP2\OOP2.csproj", "{8A04BEA4-78F7-4CBC-AEFC-DF0B16B2802F}"
EndProject
Project("{FAE04EC0-301F-11D3-BF4B-00C04F79EFBC}") = "OOP3", "OOP3\OOP3.csproj", "{7AB12D04-704E-476A-84F0-331018FA3974}"
EndProject
Global
	GlobalSection(SolutionConfigurationPlatforms) = preSolution
		Debug|Any CPU = Debug|Any CPU
		Release|Any CPU = Release|Any CPU
	EndGlobalSection
	GlobalSection(ProjectConfigurationPlatforms) = postSolution
		{C8F7E531-75AB-4942-BD00-E4C5A48DD748}.Debug|Any CPU.ActiveCfg = Debug|Any CPU
		{C8F7E531-75AB-4942-BD00-E4C5A48DD748}.Debug|Any CPU.Build.0 = Debug|Any CPU
		{C8F7E531-75AB-4942-BD00-E4C5A48DD748}.Release|Any CPU.ActiveCfg = Release|Any CPU
		{C8F7E531-75AB-4942-BD00-E4C5A48DD748}.Release|Any CPU.Build.0 = Release|Any CPU
		{74C7CD3C-6361-4FF5-ABFB-DC74B6CD2A78}.Debug|Any CPU.ActiveCfg = Debug|Any CPU
		{74C7CD3C-6361-4FF5-ABFB-DC74B6CD2A78}.Debug|Any CPU.Build.0 = Debug|Any CPU
		{74C7CD3C-6361-4FF5-ABFB-DC74B6CD2A78}.Release|Any CPU.ActiveCfg = Release|Any CPU
		{74C7CD3C-6361-4FF5-ABFB-DC74B6CD2A78}.Release|Any CPU.Build.0 = Release|Any CPU
		{76592DF2-FCEF-4612-8BE4-71EB59E8FF78}.Debug|Any CPU.ActiveCfg = Debug|Any CPU
		{76592DF2-FCEF-4612-8BE4-71EB59E8FF78}.Debug|Any CPU.Build.0 = Debug|Any CPU
		{76592DF2-FCEF-4612-8BE4-71EB59E8FF78}.Release|Any CPU.ActiveCfg = Release|Any CPU
		{76592DF2-FCEF-4612-8BE4-71EB59E8FF78}.Release|Any CPU.Build.0 = Release|Any CPU
		{E6B37667-6B44-48EA-8242-7C34E5549BB9}.Debug|Any CPU.ActiveCfg = Debug|Any CPU
		{E6B37667-6B44-48EA-8242-7C34E5549BB9}.Debug|Any CPU.Build.0 = Debug|Any CPU
		{E6B37667-6B44-48EA-8242-7C34E5549BB9}.Release|Any CPU.ActiveCfg = Release|Any CPU
		{E6B37667-6B44-48EA-8242-7C34E5549BB9}.Release|Any CPU.Build.0 = Release|Any CPU
		{D8A7D4E7-731E-49D7-A2DD-11A8CA27485F}.Debug|Any CPU.ActiveCfg = Debug|Any CPU
		{D8A7D4E7-731E-49D7-A2DD-11A8CA27485F}.Debug|Any CPU.Build.0 = Debug|Any CPU
		{D8A7D4E7-731E-49D7-A2DD-11A8CA27485F}.Release|Any CPU.ActiveCfg = Release|Any CPU
		{D8A7D4E7-731E-49D7-A2DD-11A8CA27485F}.Release|Any CPU.Build.0 = Release|Any CPU
		{F670FDB4-9206-4D2C-AEA0-D584068AC614}.Debug|Any CPU.ActiveCfg = Debug|Any CPU
		{F670FDB4-9206-4D2C-AEA0-D584068AC614}.Debug|Any CPU.Build.0 = Debug|Any CPU
		{F670FDB4-9206-4D2C-AEA0-D584068AC614}.Release|Any CPU.ActiveCfg = Release|Any CPU
		{F670FDB4-9206-4D2C-AEA0-D584068AC614}.Release|Any CPU.Build.0 = Release|Any CPU
		{C94FC98D-6D6C-4613-B4AC-E70B72C15F00}.Debug|Any CPU.ActiveCfg = Debug|Any CPU
		{C94FC98D-6D6C-4613-B4AC-E70B72C15F00}.Debug|Any CPU.Build.0 = Debug|Any CPU
		{C94FC98D-6D6C-4613-B4AC-E70B72C15F00}.Release|Any CPU.ActiveCfg = Release|Any CPU
		{C94FC98D-6D6C-4613-B4AC-E70B72C15F00}.Release|Any CPU.Build.0 = Release|Any CPU
		{FD85625E-5C87-4880-A062-A56C9E52EFE8}.Debug|Any CPU.ActiveCfg = Debug|Any CPU
		{FD85625E-5C87-4880-A062-A56C9E52EFE8}.Debug|Any CPU.Build.0 = Debug|Any CPU
		{FD85625E-5C87-4880-A062-A56C9E52EFE8}.Release|Any CPU.ActiveCfg = Release|Any CPU
		{FD85625E-5C87-4880-A062-A56C9E52EFE8}.Release|Any CPU.Build.0 = Release|Any CPU
		{81FBFBDC-4C8C-427E-9EDA-3823A4BC6DDF}.Debug|Any CPU.ActiveCfg = Debug|Any CPU
		{81FBFBDC-4C8C-427E-9EDA-3823A4BC6DDF}.Debug|Any CPU.Build.0 = Debug|Any CPU
		{81FBFBDC-4C8C-427E-9EDA-3823A4BC6DDF}.Release|Any CPU.ActiveCfg = Release|Any CPU
		{81FBFBDC-4C8C-427E-9EDA-3823A4BC6DDF}.Release|Any CPU.Build.0 = Release|Any CPU
		{8A04BEA4-78F7-4CBC-AEFC-DF0B16B2802F}.Debug|Any CPU.ActiveCfg = Debug|Any CPU
		{8A04BEA4-78F7-4CBC-AEFC-DF0B16B2802F}.Debug|Any CPU.Build.0 = Debug|Any CPU
		{8A04BEA4-78F7-4CBC-AEFC-DF0B16B2802F}.Release|Any CPU.ActiveCfg = Release|Any CPU
		{8A04BEA4-78F7-4CBC-AEFC-DF0B16B2802F}.Release|Any CPU.Build.0 = Release|Any CPU
		{7AB12D04-704E-476A-84F0-331018FA3974}.Debug|Any CPU.ActiveCfg = Debug|Any CPU
		{7AB12D04-704E-476A-84F0-331018FA3974}.Debug|Any CPU.Build.0 = Debug|Any CPU
		{7AB12D04-704E-476A-84F0-331018FA3974}.Release|Any CPU.ActiveCfg = Release|Any CPU
		{7AB12D04-704E-476A-84F0-331018FA3974}.Release|Any CPU.Build.0 = Release|Any CPU
	EndGlobalSection
	GlobalSection(SolutionProperties) = preSolution
		HideSolutionNode = FALSE
	EndGlobalSection
	GlobalSection(ExtensibilityGlobals) = postSolution
		SolutionGuid = {27A89537-A059-4E24-A20E-C27BEDE4F65B}
	EndGlobalSection
EndGlobal
