
Microsoft Visual Studio Solution File, Format Version 12.00
# Visual Studio Version 16
VisualStudioVersion = 16.0.30804.86
MinimumVisualStudioVersion = 10.0.40219.1
Project("{FAE04EC0-301F-11D3-BF4B-00C04F79EFBC}") = "DataAccess", "DataAccess\DataAccess.csproj", "{1836A8CE-C9A5-448F-8BCD-CEC45B8C3730}"
EndProject
Project("{FAE04EC0-301F-11D3-BF4B-00C04F79EFBC}") = "Business", "Business\Business.csproj", "{DC610F4A-37B2-4295-A269-2BE82921770F}"
EndProject
Project("{FAE04EC0-301F-11D3-BF4B-00C04F79EFBC}") = "Entities", "Entities\Entities.csproj", "{4C4AC429-35C8-4AD6-824F-B2DD92C36942}"
EndProject
Project("{FAE04EC0-301F-11D3-BF4B-00C04F79EFBC}") = "ConsoleUI", "ConsoleUI\ConsoleUI.csproj", "{F3308A8A-D301-41BA-80CE-EE48A4F3D3F3}"
EndProject
Global
	GlobalSection(SolutionConfigurationPlatforms) = preSolution
		Debug|Any CPU = Debug|Any CPU
		Release|Any CPU = Release|Any CPU
	EndGlobalSection
	GlobalSection(ProjectConfigurationPlatforms) = postSolution
		{1836A8CE-C9A5-448F-8BCD-CEC45B8C3730}.Debug|Any CPU.ActiveCfg = Debug|Any CPU
		{1836A8CE-C9A5-448F-8BCD-CEC45B8C3730}.Debug|Any CPU.Build.0 = Debug|Any CPU
		{1836A8CE-C9A5-448F-8BCD-CEC45B8C3730}.Release|Any CPU.ActiveCfg = Release|Any CPU
		{1836A8CE-C9A5-448F-8BCD-CEC45B8C3730}.Release|Any CPU.Build.0 = Release|Any CPU
		{DC610F4A-37B2-4295-A269-2BE82921770F}.Debug|Any CPU.ActiveCfg = Debug|Any CPU
		{DC610F4A-37B2-4295-A269-2BE82921770F}.Debug|Any CPU.Build.0 = Debug|Any CPU
		{DC610F4A-37B2-4295-A269-2BE82921770F}.Release|Any CPU.ActiveCfg = Release|Any CPU
		{DC610F4A-37B2-4295-A269-2BE82921770F}.Release|Any CPU.Build.0 = Release|Any CPU
		{4C4AC429-35C8-4AD6-824F-B2DD92C36942}.Debug|Any CPU.ActiveCfg = Debug|Any CPU
		{4C4AC429-35C8-4AD6-824F-B2DD92C36942}.Debug|Any CPU.Build.0 = Debug|Any CPU
		{4C4AC429-35C8-4AD6-824F-B2DD92C36942}.Release|Any CPU.ActiveCfg = Release|Any CPU
		{4C4AC429-35C8-4AD6-824F-B2DD92C36942}.Release|Any CPU.Build.0 = Release|Any CPU
		{F3308A8A-D301-41BA-80CE-EE48A4F3D3F3}.Debug|Any CPU.ActiveCfg = Debug|Any CPU
		{F3308A8A-D301-41BA-80CE-EE48A4F3D3F3}.Debug|Any CPU.Build.0 = Debug|Any CPU
		{F3308A8A-D301-41BA-80CE-EE48A4F3D3F3}.Release|Any CPU.ActiveCfg = Release|Any CPU
		{F3308A8A-D301-41BA-80CE-EE48A4F3D3F3}.Release|Any CPU.Build.0 = Release|Any CPU
	EndGlobalSection
	GlobalSection(SolutionProperties) = preSolution
		HideSolutionNode = FALSE
	EndGlobalSection
	GlobalSection(ExtensibilityGlobals) = postSolution
		SolutionGuid = {53251D1E-C331-496D-9A5A-5081F6748B16}
	EndGlobalSection
EndGlobal
